
Microsoft Visual Studio Solution File, Format Version 12.00
# Visual Studio Version 17
VisualStudioVersion = 17.8.34330.188
MinimumVisualStudioVersion = 10.0.40219.1
Project("{9A19103F-16F7-4668-BE54-9A1E7A4F7556}") = "wpfFeladatok", "wpfFeladatok\wpfFeladatok.csproj", "{95D0B868-9D94-42D1-BD94-96C781E488E6}"
EndProject
Global
	GlobalSection(SolutionConfigurationPlatforms) = preSolution
		Debug|Any CPU = Debug|Any CPU
		Release|Any CPU = Release|Any CPU
	EndGlobalSection
	GlobalSection(ProjectConfigurationPlatforms) = postSolution
		{95D0B868-9D94-42D1-BD94-96C781E488E6}.Debug|Any CPU.ActiveCfg = Debug|Any CPU
		{95D0B868-9D94-42D1-BD94-96C781E488E6}.Debug|Any CPU.Build.0 = Debug|Any CPU
		{95D0B868-9D94-42D1-BD94-96C781E488E6}.Release|Any CPU.ActiveCfg = Release|Any CPU
		{95D0B868-9D94-42D1-BD94-96C781E488E6}.Release|Any CPU.Build.0 = Release|Any CPU
	EndGlobalSection
	GlobalSection(SolutionProperties) = preSolution
		HideSolutionNode = FALSE
	EndGlobalSection
	GlobalSection(ExtensibilityGlobals) = postSolution
		SolutionGuid = {DFD3766B-BD95-4AD2-9E09-7E4ACA736B0E}
	EndGlobalSection
EndGlobal
